
Microsoft Visual Studio Solution File, Format Version 12.00
# Visual Studio Version 17
VisualStudioVersion = 17.6.33801.468
MinimumVisualStudioVersion = 10.0.40219.1
Project("{9A19103F-16F7-4668-BE54-9A1E7A4F7556}") = "CloudPatterns", "CloudPatterns\CloudPatterns.csproj", "{190A9D2A-EB0A-4A90-B391-6F58D0274D84}"
EndProject
Global
	GlobalSection(SolutionConfigurationPlatforms) = preSolution
		Debug|Any CPU = Debug|Any CPU
		Release|Any CPU = Release|Any CPU
	EndGlobalSection
	GlobalSection(ProjectConfigurationPlatforms) = postSolution
		{190A9D2A-EB0A-4A90-B391-6F58D0274D84}.Debug|Any CPU.ActiveCfg = Debug|Any CPU
		{190A9D2A-EB0A-4A90-B391-6F58D0274D84}.Debug|Any CPU.Build.0 = Debug|Any CPU
		{190A9D2A-EB0A-4A90-B391-6F58D0274D84}.Release|Any CPU.ActiveCfg = Release|Any CPU
		{190A9D2A-EB0A-4A90-B391-6F58D0274D84}.Release|Any CPU.Build.0 = Release|Any CPU
	EndGlobalSection
	GlobalSection(SolutionProperties) = preSolution
		HideSolutionNode = FALSE
	EndGlobalSection
	GlobalSection(ExtensibilityGlobals) = postSolution
		SolutionGuid = {EB974A49-2C27-493B-A024-A26411C35949}
	EndGlobalSection
EndGlobal
